// !$*UTF8*$!
{
	archiveVersion = 1;
	classes = {
	};
	objectVersion = 46;
	objects = {

/* Begin PBXBuildFile section */
		527B0CC71DDDA18B00014EC8 /* main.swift in Sources */ = {isa = PBXBuildFile; fileRef = 527B0CC61DDDA18B00014EC8 /* main.swift */; };
		527B0CCE1DDDA1A500014EC8 /* RegexHelper.swift in Sources */ = {isa = PBXBuildFile; fileRef = 527B0CCD1DDDA1A500014EC8 /* RegexHelper.swift */; };
		527B0CD01DDDA51C00014EC8 /* PathKit.swift in Sources */ = {isa = PBXBuildFile; fileRef = 527B0CCF1DDDA51C00014EC8 /* PathKit.swift */; };
		52DDCA4B1E8440BE00CFB290 /* Async.swift in Sources */ = {isa = PBXBuildFile; fileRef = 52DDCA4A1E8440BE00CFB290 /* Async.swift */; };
/* End PBXBuildFile section */

/* Begin PBXCopyFilesBuildPhase section */
		527B0CC11DDDA18A00014EC8 /* CopyFiles */ = {
			isa = PBXCopyFilesBuildPhase;
			buildActionMask = 2147483647;
			dstPath = /usr/share/man/man1/;
			dstSubfolderSpec = 0;
			files = (
			);
			runOnlyForDeploymentPostprocessing = 1;
		};
/* End PBXCopyFilesBuildPhase section */

/* Begin PBXFileReference section */
		527B0CC31DDDA18B00014EC8 /* ConvertToMp3 */ = {isa = PBXFileReference; explicitFileType = "compiled.mach-o.executable"; includeInIndex = 0; path = ConvertToMp3; sourceTree = BUILT_PRODUCTS_DIR; };
		527B0CC61DDDA18B00014EC8 /* main.swift */ = {isa = PBXFileReference; lastKnownFileType = sourcecode.swift; path = main.swift; sourceTree = "<group>"; };
		527B0CCD1DDDA1A500014EC8 /* RegexHelper.swift */ = {isa = PBXFileReference; fileEncoding = 4; lastKnownFileType = sourcecode.swift; path = RegexHelper.swift; sourceTree = "<group>"; };
		527B0CCF1DDDA51C00014EC8 /* PathKit.swift */ = {isa = PBXFileReference; fileEncoding = 4; lastKnownFileType = sourcecode.swift; path = PathKit.swift; sourceTree = "<group>"; };
		52DDCA4A1E8440BE00CFB290 /* Async.swift */ = {isa = PBXFileReference; fileEncoding = 4; lastKnownFileType = sourcecode.swift; path = Async.swift; sourceTree = "<group>"; };
/* End PBXFileReference section */

/* Begin PBXFrameworksBuildPhase section */
		527B0CC01DDDA18A00014EC8 /* Frameworks */ = {
			isa = PBXFrameworksBuildPhase;
			buildActionMask = 2147483647;
			files = (
			);
			runOnlyForDeploymentPostprocessing = 0;
		};
/* End PBXFrameworksBuildPhase section */

/* Begin PBXGroup section */
		527B0CBA1DDDA18A00014EC8 = {
			isa = PBXGroup;
			children = (
				527B0CC51DDDA18B00014EC8 /* ConvertToMp3 */,
				527B0CC41DDDA18B00014EC8 /* Products */,
			);
			sourceTree = "<group>";
		};
		527B0CC41DDDA18B00014EC8 /* Products */ = {
			isa = PBXGroup;
			children = (
				527B0CC31DDDA18B00014EC8 /* ConvertToMp3 */,
			);
			name = Products;
			sourceTree = "<group>";
		};
		527B0CC51DDDA18B00014EC8 /* ConvertToMp3 */ = {
			isa = PBXGroup;
			children = (
				52DDCA4A1E8440BE00CFB290 /* Async.swift */,
				527B0CCD1DDDA1A500014EC8 /* RegexHelper.swift */,
				527B0CC61DDDA18B00014EC8 /* main.swift */,
				527B0CCF1DDDA51C00014EC8 /* PathKit.swift */,
			);
			path = ConvertToMp3;
			sourceTree = "<group>";
		};
/* End PBXGroup section */

/* Begin PBXNativeTarget section */
		527B0CC21DDDA18A00014EC8 /* ConvertToMp3 */ = {
			isa = PBXNativeTarget;
			buildConfigurationList = 527B0CCA1DDDA18B00014EC8 /* Build configuration list for PBXNativeTarget "ConvertToMp3" */;
			buildPhases = (
				527B0CBF1DDDA18A00014EC8 /* Sources */,
				527B0CC01DDDA18A00014EC8 /* Frameworks */,
				527B0CC11DDDA18A00014EC8 /* CopyFiles */,
			);
			buildRules = (
			);
			dependencies = (
			);
			name = ConvertToMp3;
			productName = ConvertToMp3;
			productReference = 527B0CC31DDDA18B00014EC8 /* ConvertToMp3 */;
			productType = "com.apple.product-type.tool";
		};
/* End PBXNativeTarget section */

/* Begin PBXProject section */
		527B0CBB1DDDA18A00014EC8 /* Project object */ = {
			isa = PBXProject;
			attributes = {
				LastSwiftUpdateCheck = 0810;
				LastUpgradeCheck = 0900;
				ORGANIZATIONNAME = "Louis Melahn";
				TargetAttributes = {
					527B0CC21DDDA18A00014EC8 = {
						CreatedOnToolsVersion = 8.1;
						ProvisioningStyle = Automatic;
					};
				};
			};
			buildConfigurationList = 527B0CBE1DDDA18A00014EC8 /* Build configuration list for PBXProject "ConvertToMp3" */;
			compatibilityVersion = "Xcode 3.2";
			developmentRegion = English;
			hasScannedForEncodings = 0;
			knownRegions = (
				en,
			);
			mainGroup = 527B0CBA1DDDA18A00014EC8;
			productRefGroup = 527B0CC41DDDA18B00014EC8 /* Products */;
			projectDirPath = "";
			projectRoot = "";
			targets = (
				527B0CC21DDDA18A00014EC8 /* ConvertToMp3 */,
			);
		};
/* End PBXProject section */

/* Begin PBXSourcesBuildPhase section */
		527B0CBF1DDDA18A00014EC8 /* Sources */ = {
			isa = PBXSourcesBuildPhase;
			buildActionMask = 2147483647;
			files = (
				52DDCA4B1E8440BE00CFB290 /* Async.swift in Sources */,
				527B0CC71DDDA18B00014EC8 /* main.swift in Sources */,
				527B0CD01DDDA51C00014EC8 /* PathKit.swift in Sources */,
				527B0CCE1DDDA1A500014EC8 /* RegexHelper.swift in Sources */,
			);
			runOnlyForDeploymentPostprocessing = 0;
		};
/* End PBXSourcesBuildPhase section */

/* Begin XCBuildConfiguration section */
		527B0CC81DDDA18B00014EC8 /* Debug */ = {
			isa = XCBuildConfiguration;
			buildSettings = {
				ALWAYS_SEARCH_USER_PATHS = NO;
				CLANG_ANALYZER_NONNULL = YES;
				CLANG_CXX_LANGUAGE_STANDARD = "gnu++0x";
				CLANG_CXX_LIBRARY = "libc++";
				CLANG_ENABLE_MODULES = YES;
				CLANG_ENABLE_OBJC_ARC = YES;
				CLANG_WARN_BLOCK_CAPTURE_AUTORELEASING = YES;
				CLANG_WARN_BOOL_CONVERSION = YES;
				CLANG_WARN_COMMA = YES;
				CLANG_WARN_CONSTANT_CONVERSION = YES;
				CLANG_WARN_DIRECT_OBJC_ISA_USAGE = YES_ERROR;
				CLANG_WARN_DOCUMENTATION_COMMENTS = YES;
				CLANG_WARN_EMPTY_BODY = YES;
				CLANG_WARN_ENUM_CONVERSION = YES;
				CLANG_WARN_INFINITE_RECURSION = YES;
				CLANG_WARN_INT_CONVERSION = YES;
				CLANG_WARN_NON_LITERAL_NULL_CONVERSION = YES;
				CLANG_WARN_OBJC_LITERAL_CONVERSION = YES;
				CLANG_WARN_OBJC_ROOT_CLASS = YES_ERROR;
				CLANG_WARN_RANGE_LOOP_ANALYSIS = YES;
				CLANG_WARN_STRICT_PROTOTYPES = YES;
				CLANG_WARN_SUSPICIOUS_MOVE = YES;
				CLANG_WARN_SUSPICIOUS_MOVES = YES;
				CLANG_WARN_UNREACHABLE_CODE = YES;
				CLANG_WARN__DUPLICATE_METHOD_MATCH = YES;
				CODE_SIGN_IDENTITY = "-";
				COPY_PHASE_STRIP = NO;
				DEBUG_INFORMATION_FORMAT = dwarf;
				ENABLE_STRICT_OBJC_MSGSEND = YES;
				ENABLE_TESTABILITY = YES;
				GCC_C_LANGUAGE_STANDARD = gnu99;
				GCC_DYNAMIC_NO_PIC = NO;
				GCC_NO_COMMON_BLOCKS = YES;
				GCC_OPTIMIZATION_LEVEL = 0;
				GCC_PREPROCESSOR_DEFINITIONS = (
					"DEBUG=1",
					"$(inherited)",
				);
				GCC_WARN_64_TO_32_BIT_CONVERSION = YES;
				GCC_WARN_ABOUT_RETURN_TYPE = YES_ERROR;
				GCC_WARN_UNDECLARED_SELECTOR = YES;
				GCC_WARN_UNINITIALIZED_AUTOS = YES_AGGRESSIVE;
				GCC_WARN_UNUSED_FUNCTION = YES;
				GCC_WARN_UNUSED_VARIABLE = YES;
				MACOSX_DEPLOYMENT_TARGET = 10.12;
				MTL_ENABLE_DEBUG_INFO = YES;
				ONLY_ACTIVE_ARCH = YES;
				SDKROOT = macosx;
				SWIFT_OPTIMIZATION_LEVEL = "-Onone";
			};
			name = Debug;
		};
		527B0CC91DDDA18B00014EC8 /* Release */ = {
			isa = XCBuildConfiguration;
			buildSettings = {
				ALWAYS_SEARCH_USER_PATHS = NO;
				CLANG_ANALYZER_NONNULL = YES;
				CLANG_CXX_LANGUAGE_STANDARD = "gnu++0x";
				CLANG_CXX_LIBRARY = "libc++";
				CLANG_ENABLE_MODULES = YES;
				CLANG_ENABLE_OBJC_ARC = YES;
				CLANG_WARN_BLOCK_CAPTURE_AUTORELEASING = YES;
				CLANG_WARN_BOOL_CONVERSION = YES;
				CLANG_WARN_COMMA = YES;
				CLANG_WARN_CONSTANT_CONVERSION = YES;
				CLANG_WARN_DIRECT_OBJC_ISA_USAGE = YES_ERROR;
				CLANG_WARN_DOCUMENTATION_COMMENTS = YES;
				CLANG_WARN_EMPTY_BODY = YES;
				CLANG_WARN_ENUM_CONVERSION = YES;
				CLANG_WARN_INFINITE_RECURSION = YES;
				CLANG_WARN_INT_CONVERSION = YES;
				CLANG_WARN_NON_LITERAL_NULL_CONVERSION = YES;
				CLANG_WARN_OBJC_LITERAL_CONVERSION = YES;
				CLANG_WARN_OBJC_ROOT_CLASS = YES_ERROR;
				CLANG_WARN_RANGE_LOOP_ANALYSIS = YES;
				CLANG_WARN_STRICT_PROTOTYPES = YES;
				CLANG_WARN_SUSPICIOUS_MOVE = YES;
				CLANG_WARN_SUSPICIOUS_MOVES = YES;
				CLANG_WARN_UNREACHABLE_CODE = YES;
				CLANG_WARN__DUPLICATE_METHOD_MATCH = YES;
				CODE_SIGN_IDENTITY = "-";
				COPY_PHASE_STRIP = NO;
				DEBUG_INFORMATION_FORMAT = "dwarf-with-dsym";
				ENABLE_NS_ASSERTIONS = NO;
				ENABLE_STRICT_OBJC_MSGSEND = YES;
				GCC_C_LANGUAGE_STANDARD = gnu99;
				GCC_NO_COMMON_BLOCKS = YES;
				GCC_WARN_64_TO_32_BIT_CONVERSION = YES;
				GCC_WARN_ABOUT_RETURN_TYPE = YES_ERROR;
				GCC_WARN_UNDECLARED_SELECTOR = YES;
				GCC_WARN_UNINITIALIZED_AUTOS = YES_AGGRESSIVE;
				GCC_WARN_UNUSED_FUNCTION = YES;
				GCC_WARN_UNUSED_VARIABLE = YES;
				MACOSX_DEPLOYMENT_TARGET = 10.12;
				MTL_ENABLE_DEBUG_INFO = NO;
				SDKROOT = macosx;
				SWIFT_OPTIMIZATION_LEVEL = "-Owholemodule";
			};
			name = Release;
		};
		527B0CCB1DDDA18B00014EC8 /* Debug */ = {
			isa = XCBuildConfiguration;
			buildSettings = {
				PRODUCT_NAME = "$(TARGET_NAME)";
				SWIFT_VERSION = 3.0;
			};
			name = Debug;
		};
		527B0CCC1DDDA18B00014EC8 /* Release */ = {
			isa = XCBuildConfiguration;
			buildSettings = {
				PRODUCT_NAME = "$(TARGET_NAME)";
				SWIFT_VERSION = 3.0;
			};
			name = Release;
		};
/* End XCBuildConfiguration section */

/* Begin XCConfigurationList section */
		527B0CBE1DDDA18A00014EC8 /* Build configuration list for PBXProject "ConvertToMp3" */ = {
			isa = XCConfigurationList;
			buildConfigurations = (
				527B0CC81DDDA18B00014EC8 /* Debug */,
				527B0CC91DDDA18B00014EC8 /* Release */,
			);
			defaultConfigurationIsVisible = 0;
			defaultConfigurationName = Release;
		};
		527B0CCA1DDDA18B00014EC8 /* Build configuration list for PBXNativeTarget "ConvertToMp3" */ = {
			isa = XCConfigurationList;
			buildConfigurations = (
				527B0CCB1DDDA18B00014EC8 /* Debug */,
				527B0CCC1DDDA18B00014EC8 /* Release */,
			);
			defaultConfigurationIsVisible = 0;
			defaultConfigurationName = Release;
		};
/* End XCConfigurationList section */
	};
	rootObject = 527B0CBB1DDDA18A00014EC8 /* Project object */;
}
